
Microsoft Visual Studio Solution File, Format Version 12.00
# Visual Studio Version 16
VisualStudioVersion = 16.0.31129.286
MinimumVisualStudioVersion = 10.0.40219.1
Project("{FAE04EC0-301F-11D3-BF4B-00C04F79EFBC}") = "MvcCampProject", "MvcCampProject\MvcCampProject.csproj", "{95633B28-0B9E-4181-A638-7359D1259F98}"
EndProject
Project("{FAE04EC0-301F-11D3-BF4B-00C04F79EFBC}") = "EntityLayer", "EntityLayer\EntityLayer.csproj", "{C60B20E5-917C-44F9-BBD7-DAACAA125E1E}"
EndProject
Project("{FAE04EC0-301F-11D3-BF4B-00C04F79EFBC}") = "DataAccessLayer", "DataAccessLayer\DataAccessLayer.csproj", "{0E6D7EED-FF7C-4F17-A0D3-E3B3E0968BDA}"
EndProject
Project("{FAE04EC0-301F-11D3-BF4B-00C04F79EFBC}") = "BusinessLayer", "BusinessLayer\BusinessLayer.csproj", "{69E02A0A-B695-4E8B-9EB6-4906C99C00B8}"
EndProject
Global
	GlobalSection(SolutionConfigurationPlatforms) = preSolution
		Debug|Any CPU = Debug|Any CPU
		Release|Any CPU = Release|Any CPU
	EndGlobalSection
	GlobalSection(ProjectConfigurationPlatforms) = postSolution
		{95633B28-0B9E-4181-A638-7359D1259F98}.Debug|Any CPU.ActiveCfg = Debug|Any CPU
		{95633B28-0B9E-4181-A638-7359D1259F98}.Debug|Any CPU.Build.0 = Debug|Any CPU
		{95633B28-0B9E-4181-A638-7359D1259F98}.Release|Any CPU.ActiveCfg = Release|Any CPU
		{95633B28-0B9E-4181-A638-7359D1259F98}.Release|Any CPU.Build.0 = Release|Any CPU
		{C60B20E5-917C-44F9-BBD7-DAACAA125E1E}.Debug|Any CPU.ActiveCfg = Debug|Any CPU
		{C60B20E5-917C-44F9-BBD7-DAACAA125E1E}.Debug|Any CPU.Build.0 = Debug|Any CPU
		{C60B20E5-917C-44F9-BBD7-DAACAA125E1E}.Release|Any CPU.ActiveCfg = Release|Any CPU
		{C60B20E5-917C-44F9-BBD7-DAACAA125E1E}.Release|Any CPU.Build.0 = Release|Any CPU
		{0E6D7EED-FF7C-4F17-A0D3-E3B3E0968BDA}.Debug|Any CPU.ActiveCfg = Debug|Any CPU
		{0E6D7EED-FF7C-4F17-A0D3-E3B3E0968BDA}.Debug|Any CPU.Build.0 = Debug|Any CPU
		{0E6D7EED-FF7C-4F17-A0D3-E3B3E0968BDA}.Release|Any CPU.ActiveCfg = Release|Any CPU
		{0E6D7EED-FF7C-4F17-A0D3-E3B3E0968BDA}.Release|Any CPU.Build.0 = Release|Any CPU
		{69E02A0A-B695-4E8B-9EB6-4906C99C00B8}.Debug|Any CPU.ActiveCfg = Debug|Any CPU
		{69E02A0A-B695-4E8B-9EB6-4906C99C00B8}.Debug|Any CPU.Build.0 = Debug|Any CPU
		{69E02A0A-B695-4E8B-9EB6-4906C99C00B8}.Release|Any CPU.ActiveCfg = Release|Any CPU
		{69E02A0A-B695-4E8B-9EB6-4906C99C00B8}.Release|Any CPU.Build.0 = Release|Any CPU
	EndGlobalSection
	GlobalSection(SolutionProperties) = preSolution
		HideSolutionNode = FALSE
	EndGlobalSection
	GlobalSection(ExtensibilityGlobals) = postSolution
		SolutionGuid = {694B511F-631E-4442-B59D-773CC6C3291D}
	EndGlobalSection
EndGlobal
